{
  "originHash" : "ab734991247345f10c91aa9586f3cf737f7dd5e35e66bd8242880832428ff717",
  "pins" : [
    {
      "identity" : "gamepantry",
      "kind" : "remoteSourceControl",
      "location" : "https://github.com/Vinncz/GamePantry",
      "state" : {
        "revision" : "2160cdc6160af7c5f74166f5d8c925d3112592e2",
        "version" : "0.1.8"
      }
    }
  ],
  "version" : 3
}
