{
  "originHash" : "ab734991247345f10c91aa9586f3cf737f7dd5e35e66bd8242880832428ff717",
  "pins" : [
    {
      "identity" : "gamepantry",
      "kind" : "remoteSourceControl",
      "location" : "https://github.com/Vinncz/GamePantry",
      "state" : {
        "revision" : "639d6e1f8b0393bc978023144ddbbeb83510139c",
        "version" : "0.1.5"
      }
    }
  ],
  "version" : 3
}
